// !$*UTF8*$!
{
	archiveVersion = 1;
	classes = {
	};
	objectVersion = 56;
	objects = {

/* Begin PBXBuildFile section */
		38E539DB2958C53B009FB0ED /* AppDelegate.swift in Sources */ = {isa = PBXBuildFile; fileRef = 38E539DA2958C53B009FB0ED /* AppDelegate.swift */; };
		38E539DD2958C53B009FB0ED /* SceneDelegate.swift in Sources */ = {isa = PBXBuildFile; fileRef = 38E539DC2958C53B009FB0ED /* SceneDelegate.swift */; };
		38E539DF2958C53B009FB0ED /* HomeViewController.swift in Sources */ = {isa = PBXBuildFile; fileRef = 38E539DE2958C53B009FB0ED /* HomeViewController.swift */; };
		38E539E22958C53B009FB0ED /* Main.storyboard in Resources */ = {isa = PBXBuildFile; fileRef = 38E539E02958C53B009FB0ED /* Main.storyboard */; };
		38E539E42958C53E009FB0ED /* Assets.xcassets in Resources */ = {isa = PBXBuildFile; fileRef = 38E539E32958C53E009FB0ED /* Assets.xcassets */; };
		38E539E72958C53E009FB0ED /* LaunchScreen.storyboard in Resources */ = {isa = PBXBuildFile; fileRef = 38E539E52958C53E009FB0ED /* LaunchScreen.storyboard */; };
		38E539F42958C787009FB0ED /* ExploreViewController.swift in Sources */ = {isa = PBXBuildFile; fileRef = 38E539F32958C787009FB0ED /* ExploreViewController.swift */; };
		38E539F62958C7C1009FB0ED /* ProfileViewController.swift in Sources */ = {isa = PBXBuildFile; fileRef = 38E539F52958C7C1009FB0ED /* ProfileViewController.swift */; };
		38E539F82958C7D2009FB0ED /* CameraViewController.swift in Sources */ = {isa = PBXBuildFile; fileRef = 38E539F72958C7D2009FB0ED /* CameraViewController.swift */; };
		38E539FA2958C7F9009FB0ED /* NotificationViewController.swift in Sources */ = {isa = PBXBuildFile; fileRef = 38E539F92958C7F9009FB0ED /* NotificationViewController.swift */; };
		38E539FF2958C88B009FB0ED /* LoginViewController.swift in Sources */ = {isa = PBXBuildFile; fileRef = 38E539FE2958C88B009FB0ED /* LoginViewController.swift */; };
		38E53A012958C89C009FB0ED /* RegistrationViewController.swift in Sources */ = {isa = PBXBuildFile; fileRef = 38E53A002958C89C009FB0ED /* RegistrationViewController.swift */; };
		38E53A032958C8C8009FB0ED /* PostViewController.swift in Sources */ = {isa = PBXBuildFile; fileRef = 38E53A022958C8C8009FB0ED /* PostViewController.swift */; };
		38E53A052958C8EC009FB0ED /* EditProfileViewController.swift in Sources */ = {isa = PBXBuildFile; fileRef = 38E53A042958C8EC009FB0ED /* EditProfileViewController.swift */; };
		38E53A072958C8F9009FB0ED /* SettingsViewController.swift in Sources */ = {isa = PBXBuildFile; fileRef = 38E53A062958C8F9009FB0ED /* SettingsViewController.swift */; };
		38E53A092958C91B009FB0ED /* ListViewViewController.swift in Sources */ = {isa = PBXBuildFile; fileRef = 38E53A082958C91B009FB0ED /* ListViewViewController.swift */; };
		38E53A0B2958C935009FB0ED /* SearchResultViewController.swift in Sources */ = {isa = PBXBuildFile; fileRef = 38E53A0A2958C935009FB0ED /* SearchResultViewController.swift */; };
		38E53A0D2958C955009FB0ED /* SearchViewController.swift in Sources */ = {isa = PBXBuildFile; fileRef = 38E53A0C2958C955009FB0ED /* SearchViewController.swift */; };
		38E53A0F2958C96F009FB0ED /* PublishPostViewController.swift in Sources */ = {isa = PBXBuildFile; fileRef = 38E53A0E2958C96F009FB0ED /* PublishPostViewController.swift */; };
		38E53A112958DD57009FB0ED /* GoogleService-Info.plist in Resources */ = {isa = PBXBuildFile; fileRef = 38E53A102958DD56009FB0ED /* GoogleService-Info.plist */; };
		38E53A142958E3F2009FB0ED /* DatabaseManager.swift in Sources */ = {isa = PBXBuildFile; fileRef = 38E53A132958E3F2009FB0ED /* DatabaseManager.swift */; };
		38E53A1B2958E5E2009FB0ED /* AuthManager.swift in Sources */ = {isa = PBXBuildFile; fileRef = 38E53A1A2958E5E2009FB0ED /* AuthManager.swift */; };
		38E53A1D2958E5FA009FB0ED /* StorageManager.swift in Sources */ = {isa = PBXBuildFile; fileRef = 38E53A1C2958E5FA009FB0ED /* StorageManager.swift */; };
		38E53A1F295980A8009FB0ED /* Extensions.swift in Sources */ = {isa = PBXBuildFile; fileRef = 38E53A1E295980A8009FB0ED /* Extensions.swift */; };
		B4D061A33B6284779AE78CDD /* Pods_Instagram.framework in Frameworks */ = {isa = PBXBuildFile; fileRef = D9E38CCB0B0227B89D7DF1DA /* Pods_Instagram.framework */; };
/* End PBXBuildFile section */

/* Begin PBXFileReference section */
		38E539D72958C53B009FB0ED /* Instagram.app */ = {isa = PBXFileReference; explicitFileType = wrapper.application; includeInIndex = 0; path = Instagram.app; sourceTree = BUILT_PRODUCTS_DIR; };
		38E539DA2958C53B009FB0ED /* AppDelegate.swift */ = {isa = PBXFileReference; lastKnownFileType = sourcecode.swift; path = AppDelegate.swift; sourceTree = "<group>"; };
		38E539DC2958C53B009FB0ED /* SceneDelegate.swift */ = {isa = PBXFileReference; lastKnownFileType = sourcecode.swift; path = SceneDelegate.swift; sourceTree = "<group>"; };
		38E539DE2958C53B009FB0ED /* HomeViewController.swift */ = {isa = PBXFileReference; lastKnownFileType = sourcecode.swift; path = HomeViewController.swift; sourceTree = "<group>"; };
		38E539E12958C53B009FB0ED /* Base */ = {isa = PBXFileReference; lastKnownFileType = file.storyboard; name = Base; path = Base.lproj/Main.storyboard; sourceTree = "<group>"; };
		38E539E32958C53E009FB0ED /* Assets.xcassets */ = {isa = PBXFileReference; lastKnownFileType = folder.assetcatalog; path = Assets.xcassets; sourceTree = "<group>"; };
		38E539E62958C53E009FB0ED /* Base */ = {isa = PBXFileReference; lastKnownFileType = file.storyboard; name = Base; path = Base.lproj/LaunchScreen.storyboard; sourceTree = "<group>"; };
		38E539E82958C53E009FB0ED /* Info.plist */ = {isa = PBXFileReference; lastKnownFileType = text.plist.xml; path = Info.plist; sourceTree = "<group>"; };
		38E539F32958C787009FB0ED /* ExploreViewController.swift */ = {isa = PBXFileReference; lastKnownFileType = sourcecode.swift; path = ExploreViewController.swift; sourceTree = "<group>"; };
		38E539F52958C7C1009FB0ED /* ProfileViewController.swift */ = {isa = PBXFileReference; lastKnownFileType = sourcecode.swift; path = ProfileViewController.swift; sourceTree = "<group>"; };
		38E539F72958C7D2009FB0ED /* CameraViewController.swift */ = {isa = PBXFileReference; lastKnownFileType = sourcecode.swift; path = CameraViewController.swift; sourceTree = "<group>"; };
		38E539F92958C7F9009FB0ED /* NotificationViewController.swift */ = {isa = PBXFileReference; lastKnownFileType = sourcecode.swift; path = NotificationViewController.swift; sourceTree = "<group>"; };
		38E539FE2958C88B009FB0ED /* LoginViewController.swift */ = {isa = PBXFileReference; lastKnownFileType = sourcecode.swift; path = LoginViewController.swift; sourceTree = "<group>"; };
		38E53A002958C89C009FB0ED /* RegistrationViewController.swift */ = {isa = PBXFileReference; lastKnownFileType = sourcecode.swift; path = RegistrationViewController.swift; sourceTree = "<group>"; };
		38E53A022958C8C8009FB0ED /* PostViewController.swift */ = {isa = PBXFileReference; lastKnownFileType = sourcecode.swift; path = PostViewController.swift; sourceTree = "<group>"; };
		38E53A042958C8EC009FB0ED /* EditProfileViewController.swift */ = {isa = PBXFileReference; lastKnownFileType = sourcecode.swift; path = EditProfileViewController.swift; sourceTree = "<group>"; };
		38E53A062958C8F9009FB0ED /* SettingsViewController.swift */ = {isa = PBXFileReference; lastKnownFileType = sourcecode.swift; path = SettingsViewController.swift; sourceTree = "<group>"; };
		38E53A082958C91B009FB0ED /* ListViewViewController.swift */ = {isa = PBXFileReference; lastKnownFileType = sourcecode.swift; path = ListViewViewController.swift; sourceTree = "<group>"; };
		38E53A0A2958C935009FB0ED /* SearchResultViewController.swift */ = {isa = PBXFileReference; lastKnownFileType = sourcecode.swift; path = SearchResultViewController.swift; sourceTree = "<group>"; };
		38E53A0C2958C955009FB0ED /* SearchViewController.swift */ = {isa = PBXFileReference; lastKnownFileType = sourcecode.swift; path = SearchViewController.swift; sourceTree = "<group>"; };
		38E53A0E2958C96F009FB0ED /* PublishPostViewController.swift */ = {isa = PBXFileReference; lastKnownFileType = sourcecode.swift; path = PublishPostViewController.swift; sourceTree = "<group>"; };
		38E53A102958DD56009FB0ED /* GoogleService-Info.plist */ = {isa = PBXFileReference; fileEncoding = 4; lastKnownFileType = text.plist.xml; path = "GoogleService-Info.plist"; sourceTree = "<group>"; };
		38E53A132958E3F2009FB0ED /* DatabaseManager.swift */ = {isa = PBXFileReference; lastKnownFileType = sourcecode.swift; path = DatabaseManager.swift; sourceTree = "<group>"; };
		38E53A1A2958E5E2009FB0ED /* AuthManager.swift */ = {isa = PBXFileReference; lastKnownFileType = sourcecode.swift; path = AuthManager.swift; sourceTree = "<group>"; };
		38E53A1C2958E5FA009FB0ED /* StorageManager.swift */ = {isa = PBXFileReference; lastKnownFileType = sourcecode.swift; path = StorageManager.swift; sourceTree = "<group>"; };
		38E53A1E295980A8009FB0ED /* Extensions.swift */ = {isa = PBXFileReference; lastKnownFileType = sourcecode.swift; path = Extensions.swift; sourceTree = "<group>"; };
		8E1E285DD25A4E68A8739E54 /* Pods-Instagram.debug.xcconfig */ = {isa = PBXFileReference; includeInIndex = 1; lastKnownFileType = text.xcconfig; name = "Pods-Instagram.debug.xcconfig"; path = "Target Support Files/Pods-Instagram/Pods-Instagram.debug.xcconfig"; sourceTree = "<group>"; };
		9B99D5DD7CFFF1D830C7EE4E /* Pods-Instagram.release.xcconfig */ = {isa = PBXFileReference; includeInIndex = 1; lastKnownFileType = text.xcconfig; name = "Pods-Instagram.release.xcconfig"; path = "Target Support Files/Pods-Instagram/Pods-Instagram.release.xcconfig"; sourceTree = "<group>"; };
		D9E38CCB0B0227B89D7DF1DA /* Pods_Instagram.framework */ = {isa = PBXFileReference; explicitFileType = wrapper.framework; includeInIndex = 0; path = Pods_Instagram.framework; sourceTree = BUILT_PRODUCTS_DIR; };
/* End PBXFileReference section */

/* Begin PBXFrameworksBuildPhase section */
		38E539D42958C53B009FB0ED /* Frameworks */ = {
			isa = PBXFrameworksBuildPhase;
			buildActionMask = 2147483647;
			files = (
				B4D061A33B6284779AE78CDD /* Pods_Instagram.framework in Frameworks */,
			);
			runOnlyForDeploymentPostprocessing = 0;
		};
/* End PBXFrameworksBuildPhase section */

/* Begin PBXGroup section */
		1E52FE5A3D566A54C39E67E4 /* Pods */ = {
			isa = PBXGroup;
			children = (
				8E1E285DD25A4E68A8739E54 /* Pods-Instagram.debug.xcconfig */,
				9B99D5DD7CFFF1D830C7EE4E /* Pods-Instagram.release.xcconfig */,
			);
			path = Pods;
			sourceTree = "<group>";
		};
		38E539CE2958C53A009FB0ED = {
			isa = PBXGroup;
			children = (
				38E539D92958C53B009FB0ED /* Instagram */,
				38E539F02958C5DA009FB0ED /* Resources */,
				38E539D82958C53B009FB0ED /* Products */,
				1E52FE5A3D566A54C39E67E4 /* Pods */,
				FF50AB925860FB972E3DC87C /* Frameworks */,
			);
			sourceTree = "<group>";
		};
		38E539D82958C53B009FB0ED /* Products */ = {
			isa = PBXGroup;
			children = (
				38E539D72958C53B009FB0ED /* Instagram.app */,
			);
			name = Products;
			sourceTree = "<group>";
		};
		38E539D92958C53B009FB0ED /* Instagram */ = {
			isa = PBXGroup;
			children = (
				38E539E82958C53E009FB0ED /* Info.plist */,
				38E539F22958C6C9009FB0ED /* Models */,
				38E539EE2958C5AE009FB0ED /* Views */,
				38E539EF2958C5BB009FB0ED /* Controllers */,
			);
			path = Instagram;
			sourceTree = "<group>";
		};
		38E539EE2958C5AE009FB0ED /* Views */ = {
			isa = PBXGroup;
			children = (
				38E539E32958C53E009FB0ED /* Assets.xcassets */,
				38E539F12958C671009FB0ED /* Storyboards */,
			);
			path = Views;
			sourceTree = "<group>";
		};
		38E539EF2958C5BB009FB0ED /* Controllers */ = {
			isa = PBXGroup;
			children = (
				38E539FB2958C84B009FB0ED /* CoreTabs */,
				38E539FC2958C85A009FB0ED /* Other */,
			);
			path = Controllers;
			sourceTree = "<group>";
		};
		38E539F02958C5DA009FB0ED /* Resources */ = {
			isa = PBXGroup;
			children = (
				38E53A102958DD56009FB0ED /* GoogleService-Info.plist */,
				38E539DA2958C53B009FB0ED /* AppDelegate.swift */,
				38E539DC2958C53B009FB0ED /* SceneDelegate.swift */,
				38E53A132958E3F2009FB0ED /* DatabaseManager.swift */,
				38E53A1A2958E5E2009FB0ED /* AuthManager.swift */,
				38E53A1E295980A8009FB0ED /* Extensions.swift */,
				38E53A1C2958E5FA009FB0ED /* StorageManager.swift */,
			);
			path = Resources;
			sourceTree = "<group>";
		};
		38E539F12958C671009FB0ED /* Storyboards */ = {
			isa = PBXGroup;
			children = (
				38E539E02958C53B009FB0ED /* Main.storyboard */,
				38E539E52958C53E009FB0ED /* LaunchScreen.storyboard */,
			);
			path = Storyboards;
			sourceTree = "<group>";
		};
		38E539F22958C6C9009FB0ED /* Models */ = {
			isa = PBXGroup;
			children = (
			);
			path = Models;
			sourceTree = "<group>";
		};
		38E539FB2958C84B009FB0ED /* CoreTabs */ = {
			isa = PBXGroup;
			children = (
				38E539DE2958C53B009FB0ED /* HomeViewController.swift */,
				38E539F32958C787009FB0ED /* ExploreViewController.swift */,
				38E539F72958C7D2009FB0ED /* CameraViewController.swift */,
				38E539F92958C7F9009FB0ED /* NotificationViewController.swift */,
				38E539F52958C7C1009FB0ED /* ProfileViewController.swift */,
			);
			path = CoreTabs;
			sourceTree = "<group>";
		};
		38E539FC2958C85A009FB0ED /* Other */ = {
			isa = PBXGroup;
			children = (
				38E539FD2958C86C009FB0ED /* Onboarding */,
				38E53A122958E151009FB0ED /* General */,
			);
			path = Other;
			sourceTree = "<group>";
		};
		38E539FD2958C86C009FB0ED /* Onboarding */ = {
			isa = PBXGroup;
			children = (
				38E539FE2958C88B009FB0ED /* LoginViewController.swift */,
				38E53A002958C89C009FB0ED /* RegistrationViewController.swift */,
			);
			path = Onboarding;
			sourceTree = "<group>";
		};
		38E53A122958E151009FB0ED /* General */ = {
			isa = PBXGroup;
			children = (
				38E53A022958C8C8009FB0ED /* PostViewController.swift */,
				38E53A042958C8EC009FB0ED /* EditProfileViewController.swift */,
				38E53A062958C8F9009FB0ED /* SettingsViewController.swift */,
				38E53A082958C91B009FB0ED /* ListViewViewController.swift */,
				38E53A0A2958C935009FB0ED /* SearchResultViewController.swift */,
				38E53A0C2958C955009FB0ED /* SearchViewController.swift */,
				38E53A0E2958C96F009FB0ED /* PublishPostViewController.swift */,
			);
			path = General;
			sourceTree = "<group>";
		};
		FF50AB925860FB972E3DC87C /* Frameworks */ = {
			isa = PBXGroup;
			children = (
				D9E38CCB0B0227B89D7DF1DA /* Pods_Instagram.framework */,
			);
			name = Frameworks;
			sourceTree = "<group>";
		};
/* End PBXGroup section */

/* Begin PBXNativeTarget section */
		38E539D62958C53B009FB0ED /* Instagram */ = {
			isa = PBXNativeTarget;
			buildConfigurationList = 38E539EB2958C53E009FB0ED /* Build configuration list for PBXNativeTarget "Instagram" */;
			buildPhases = (
				DC3733FB843A16106E075357 /* [CP] Check Pods Manifest.lock */,
				38E539D32958C53B009FB0ED /* Sources */,
				38E539D42958C53B009FB0ED /* Frameworks */,
				38E539D52958C53B009FB0ED /* Resources */,
				D4B357622891D80F65D97A13 /* [CP] Embed Pods Frameworks */,
			);
			buildRules = (
			);
			dependencies = (
			);
			name = Instagram;
			productName = Instagram;
			productReference = 38E539D72958C53B009FB0ED /* Instagram.app */;
			productType = "com.apple.product-type.application";
		};
/* End PBXNativeTarget section */

/* Begin PBXProject section */
		38E539CF2958C53A009FB0ED /* Project object */ = {
			isa = PBXProject;
			attributes = {
				BuildIndependentTargetsInParallel = 1;
				LastSwiftUpdateCheck = 1420;
				LastUpgradeCheck = 1420;
				TargetAttributes = {
					38E539D62958C53B009FB0ED = {
						CreatedOnToolsVersion = 14.2;
					};
				};
			};
			buildConfigurationList = 38E539D22958C53A009FB0ED /* Build configuration list for PBXProject "Instagram" */;
			compatibilityVersion = "Xcode 14.0";
			developmentRegion = en;
			hasScannedForEncodings = 0;
			knownRegions = (
				en,
				Base,
			);
			mainGroup = 38E539CE2958C53A009FB0ED;
			productRefGroup = 38E539D82958C53B009FB0ED /* Products */;
			projectDirPath = "";
			projectRoot = "";
			targets = (
				38E539D62958C53B009FB0ED /* Instagram */,
			);
		};
/* End PBXProject section */

/* Begin PBXResourcesBuildPhase section */
		38E539D52958C53B009FB0ED /* Resources */ = {
			isa = PBXResourcesBuildPhase;
			buildActionMask = 2147483647;
			files = (
				38E539E72958C53E009FB0ED /* LaunchScreen.storyboard in Resources */,
				38E53A112958DD57009FB0ED /* GoogleService-Info.plist in Resources */,
				38E539E42958C53E009FB0ED /* Assets.xcassets in Resources */,
				38E539E22958C53B009FB0ED /* Main.storyboard in Resources */,
			);
			runOnlyForDeploymentPostprocessing = 0;
		};
/* End PBXResourcesBuildPhase section */

/* Begin PBXShellScriptBuildPhase section */
		D4B357622891D80F65D97A13 /* [CP] Embed Pods Frameworks */ = {
			isa = PBXShellScriptBuildPhase;
			buildActionMask = 2147483647;
			files = (
			);
			inputFileListPaths = (
				"${PODS_ROOT}/Target Support Files/Pods-Instagram/Pods-Instagram-frameworks-${CONFIGURATION}-input-files.xcfilelist",
			);
			name = "[CP] Embed Pods Frameworks";
			outputFileListPaths = (
				"${PODS_ROOT}/Target Support Files/Pods-Instagram/Pods-Instagram-frameworks-${CONFIGURATION}-output-files.xcfilelist",
			);
			runOnlyForDeploymentPostprocessing = 0;
			shellPath = /bin/sh;
			shellScript = "\"${PODS_ROOT}/Target Support Files/Pods-Instagram/Pods-Instagram-frameworks.sh\"\n";
			showEnvVarsInLog = 0;
		};
		DC3733FB843A16106E075357 /* [CP] Check Pods Manifest.lock */ = {
			isa = PBXShellScriptBuildPhase;
			buildActionMask = 2147483647;
			files = (
			);
			inputFileListPaths = (
			);
			inputPaths = (
				"${PODS_PODFILE_DIR_PATH}/Podfile.lock",
				"${PODS_ROOT}/Manifest.lock",
			);
			name = "[CP] Check Pods Manifest.lock";
			outputFileListPaths = (
			);
			outputPaths = (
				"$(DERIVED_FILE_DIR)/Pods-Instagram-checkManifestLockResult.txt",
			);
			runOnlyForDeploymentPostprocessing = 0;
			shellPath = /bin/sh;
			shellScript = "diff \"${PODS_PODFILE_DIR_PATH}/Podfile.lock\" \"${PODS_ROOT}/Manifest.lock\" > /dev/null\nif [ $? != 0 ] ; then\n    # print error to STDERR\n    echo \"error: The sandbox is not in sync with the Podfile.lock. Run 'pod install' or update your CocoaPods installation.\" >&2\n    exit 1\nfi\n# This output is used by Xcode 'outputs' to avoid re-running this script phase.\necho \"SUCCESS\" > \"${SCRIPT_OUTPUT_FILE_0}\"\n";
			showEnvVarsInLog = 0;
		};
/* End PBXShellScriptBuildPhase section */

/* Begin PBXSourcesBuildPhase section */
		38E539D32958C53B009FB0ED /* Sources */ = {
			isa = PBXSourcesBuildPhase;
			buildActionMask = 2147483647;
			files = (
				38E53A0D2958C955009FB0ED /* SearchViewController.swift in Sources */,
				38E53A1B2958E5E2009FB0ED /* AuthManager.swift in Sources */,
				38E53A092958C91B009FB0ED /* ListViewViewController.swift in Sources */,
				38E53A052958C8EC009FB0ED /* EditProfileViewController.swift in Sources */,
				38E539F42958C787009FB0ED /* ExploreViewController.swift in Sources */,
				38E53A142958E3F2009FB0ED /* DatabaseManager.swift in Sources */,
				38E539DF2958C53B009FB0ED /* HomeViewController.swift in Sources */,
				38E539F62958C7C1009FB0ED /* ProfileViewController.swift in Sources */,
				38E53A0F2958C96F009FB0ED /* PublishPostViewController.swift in Sources */,
				38E53A1D2958E5FA009FB0ED /* StorageManager.swift in Sources */,
				38E53A012958C89C009FB0ED /* RegistrationViewController.swift in Sources */,
				38E53A032958C8C8009FB0ED /* PostViewController.swift in Sources */,
				38E539FA2958C7F9009FB0ED /* NotificationViewController.swift in Sources */,
				38E53A0B2958C935009FB0ED /* SearchResultViewController.swift in Sources */,
				38E539FF2958C88B009FB0ED /* LoginViewController.swift in Sources */,
				38E53A1F295980A8009FB0ED /* Extensions.swift in Sources */,
				38E539DB2958C53B009FB0ED /* AppDelegate.swift in Sources */,
				38E539DD2958C53B009FB0ED /* SceneDelegate.swift in Sources */,
				38E539F82958C7D2009FB0ED /* CameraViewController.swift in Sources */,
				38E53A072958C8F9009FB0ED /* SettingsViewController.swift in Sources */,
			);
			runOnlyForDeploymentPostprocessing = 0;
		};
/* End PBXSourcesBuildPhase section */

/* Begin PBXVariantGroup section */
		38E539E02958C53B009FB0ED /* Main.storyboard */ = {
			isa = PBXVariantGroup;
			children = (
				38E539E12958C53B009FB0ED /* Base */,
			);
			name = Main.storyboard;
			sourceTree = "<group>";
		};
		38E539E52958C53E009FB0ED /* LaunchScreen.storyboard */ = {
			isa = PBXVariantGroup;
			children = (
				38E539E62958C53E009FB0ED /* Base */,
			);
			name = LaunchScreen.storyboard;
			sourceTree = "<group>";
		};
/* End PBXVariantGroup section */

/* Begin XCBuildConfiguration section */
		38E539E92958C53E009FB0ED /* Debug */ = {
			isa = XCBuildConfiguration;
			buildSettings = {
				ALWAYS_SEARCH_USER_PATHS = NO;
				CLANG_ANALYZER_NONNULL = YES;
				CLANG_ANALYZER_NUMBER_OBJECT_CONVERSION = YES_AGGRESSIVE;
				CLANG_CXX_LANGUAGE_STANDARD = "gnu++20";
				CLANG_ENABLE_MODULES = YES;
				CLANG_ENABLE_OBJC_ARC = YES;
				CLANG_ENABLE_OBJC_WEAK = YES;
				CLANG_WARN_BLOCK_CAPTURE_AUTORELEASING = YES;
				CLANG_WARN_BOOL_CONVERSION = YES;
				CLANG_WARN_COMMA = YES;
				CLANG_WARN_CONSTANT_CONVERSION = YES;
				CLANG_WARN_DEPRECATED_OBJC_IMPLEMENTATIONS = YES;
				CLANG_WARN_DIRECT_OBJC_ISA_USAGE = YES_ERROR;
				CLANG_WARN_DOCUMENTATION_COMMENTS = YES;
				CLANG_WARN_EMPTY_BODY = YES;
				CLANG_WARN_ENUM_CONVERSION = YES;
				CLANG_WARN_INFINITE_RECURSION = YES;
				CLANG_WARN_INT_CONVERSION = YES;
				CLANG_WARN_NON_LITERAL_NULL_CONVERSION = YES;
				CLANG_WARN_OBJC_IMPLICIT_RETAIN_SELF = YES;
				CLANG_WARN_OBJC_LITERAL_CONVERSION = YES;
				CLANG_WARN_OBJC_ROOT_CLASS = YES_ERROR;
				CLANG_WARN_QUOTED_INCLUDE_IN_FRAMEWORK_HEADER = YES;
				CLANG_WARN_RANGE_LOOP_ANALYSIS = YES;
				CLANG_WARN_STRICT_PROTOTYPES = YES;
				CLANG_WARN_SUSPICIOUS_MOVE = YES;
				CLANG_WARN_UNGUARDED_AVAILABILITY = YES_AGGRESSIVE;
				CLANG_WARN_UNREACHABLE_CODE = YES;
				CLANG_WARN__DUPLICATE_METHOD_MATCH = YES;
				COPY_PHASE_STRIP = NO;
				DEBUG_INFORMATION_FORMAT = dwarf;
				ENABLE_STRICT_OBJC_MSGSEND = YES;
				ENABLE_TESTABILITY = YES;
				GCC_C_LANGUAGE_STANDARD = gnu11;
				GCC_DYNAMIC_NO_PIC = NO;
				GCC_NO_COMMON_BLOCKS = YES;
				GCC_OPTIMIZATION_LEVEL = 0;
				GCC_PREPROCESSOR_DEFINITIONS = (
					"DEBUG=1",
					"$(inherited)",
				);
				GCC_WARN_64_TO_32_BIT_CONVERSION = YES;
				GCC_WARN_ABOUT_RETURN_TYPE = YES_ERROR;
				GCC_WARN_UNDECLARED_SELECTOR = YES;
				GCC_WARN_UNINITIALIZED_AUTOS = YES_AGGRESSIVE;
				GCC_WARN_UNUSED_FUNCTION = YES;
				GCC_WARN_UNUSED_VARIABLE = YES;
				IPHONEOS_DEPLOYMENT_TARGET = 16.2;
				MTL_ENABLE_DEBUG_INFO = INCLUDE_SOURCE;
				MTL_FAST_MATH = YES;
				ONLY_ACTIVE_ARCH = YES;
				SDKROOT = iphoneos;
				SWIFT_ACTIVE_COMPILATION_CONDITIONS = DEBUG;
				SWIFT_OPTIMIZATION_LEVEL = "-Onone";
			};
			name = Debug;
		};
		38E539EA2958C53E009FB0ED /* Release */ = {
			isa = XCBuildConfiguration;
			buildSettings = {
				ALWAYS_SEARCH_USER_PATHS = NO;
				CLANG_ANALYZER_NONNULL = YES;
				CLANG_ANALYZER_NUMBER_OBJECT_CONVERSION = YES_AGGRESSIVE;
				CLANG_CXX_LANGUAGE_STANDARD = "gnu++20";
				CLANG_ENABLE_MODULES = YES;
				CLANG_ENABLE_OBJC_ARC = YES;
				CLANG_ENABLE_OBJC_WEAK = YES;
				CLANG_WARN_BLOCK_CAPTURE_AUTORELEASING = YES;
				CLANG_WARN_BOOL_CONVERSION = YES;
				CLANG_WARN_COMMA = YES;
				CLANG_WARN_CONSTANT_CONVERSION = YES;
				CLANG_WARN_DEPRECATED_OBJC_IMPLEMENTATIONS = YES;
				CLANG_WARN_DIRECT_OBJC_ISA_USAGE = YES_ERROR;
				CLANG_WARN_DOCUMENTATION_COMMENTS = YES;
				CLANG_WARN_EMPTY_BODY = YES;
				CLANG_WARN_ENUM_CONVERSION = YES;
				CLANG_WARN_INFINITE_RECURSION = YES;
				CLANG_WARN_INT_CONVERSION = YES;
				CLANG_WARN_NON_LITERAL_NULL_CONVERSION = YES;
				CLANG_WARN_OBJC_IMPLICIT_RETAIN_SELF = YES;
				CLANG_WARN_OBJC_LITERAL_CONVERSION = YES;
				CLANG_WARN_OBJC_ROOT_CLASS = YES_ERROR;
				CLANG_WARN_QUOTED_INCLUDE_IN_FRAMEWORK_HEADER = YES;
				CLANG_WARN_RANGE_LOOP_ANALYSIS = YES;
				CLANG_WARN_STRICT_PROTOTYPES = YES;
				CLANG_WARN_SUSPICIOUS_MOVE = YES;
				CLANG_WARN_UNGUARDED_AVAILABILITY = YES_AGGRESSIVE;
				CLANG_WARN_UNREACHABLE_CODE = YES;
				CLANG_WARN__DUPLICATE_METHOD_MATCH = YES;
				COPY_PHASE_STRIP = NO;
				DEBUG_INFORMATION_FORMAT = "dwarf-with-dsym";
				ENABLE_NS_ASSERTIONS = NO;
				ENABLE_STRICT_OBJC_MSGSEND = YES;
				GCC_C_LANGUAGE_STANDARD = gnu11;
				GCC_NO_COMMON_BLOCKS = YES;
				GCC_WARN_64_TO_32_BIT_CONVERSION = YES;
				GCC_WARN_ABOUT_RETURN_TYPE = YES_ERROR;
				GCC_WARN_UNDECLARED_SELECTOR = YES;
				GCC_WARN_UNINITIALIZED_AUTOS = YES_AGGRESSIVE;
				GCC_WARN_UNUSED_FUNCTION = YES;
				GCC_WARN_UNUSED_VARIABLE = YES;
				IPHONEOS_DEPLOYMENT_TARGET = 16.2;
				MTL_ENABLE_DEBUG_INFO = NO;
				MTL_FAST_MATH = YES;
				SDKROOT = iphoneos;
				SWIFT_COMPILATION_MODE = wholemodule;
				SWIFT_OPTIMIZATION_LEVEL = "-O";
				VALIDATE_PRODUCT = YES;
			};
			name = Release;
		};
		38E539EC2958C53E009FB0ED /* Debug */ = {
			isa = XCBuildConfiguration;
			baseConfigurationReference = 8E1E285DD25A4E68A8739E54 /* Pods-Instagram.debug.xcconfig */;
			buildSettings = {
				ASSETCATALOG_COMPILER_APPICON_NAME = AppIcon;
				ASSETCATALOG_COMPILER_GLOBAL_ACCENT_COLOR_NAME = AccentColor;
				CODE_SIGN_STYLE = Automatic;
				CURRENT_PROJECT_VERSION = 1;
				DEVELOPMENT_TEAM = 4QJ68GP7HB;
				GENERATE_INFOPLIST_FILE = YES;
				INFOPLIST_FILE = Instagram/Info.plist;
				INFOPLIST_KEY_UIApplicationSupportsIndirectInputEvents = YES;
				INFOPLIST_KEY_UILaunchStoryboardName = LaunchScreen;
				INFOPLIST_KEY_UIMainStoryboardFile = Main;
				INFOPLIST_KEY_UISupportedInterfaceOrientations = UIInterfaceOrientationPortrait;
				INFOPLIST_KEY_UISupportedInterfaceOrientations_iPad = "UIInterfaceOrientationPortrait UIInterfaceOrientationPortraitUpsideDown";
				LD_RUNPATH_SEARCH_PATHS = (
					"$(inherited)",
					"@executable_path/Frameworks",
				);
				MARKETING_VERSION = 1.0;
				PRODUCT_BUNDLE_IDENTIFIER = com.sky.Instagram;
				PRODUCT_NAME = "$(TARGET_NAME)";
				SWIFT_EMIT_LOC_STRINGS = YES;
				SWIFT_VERSION = 5.0;
				TARGETED_DEVICE_FAMILY = "1,2";
			};
			name = Debug;
		};
		38E539ED2958C53E009FB0ED /* Release */ = {
			isa = XCBuildConfiguration;
			baseConfigurationReference = 9B99D5DD7CFFF1D830C7EE4E /* Pods-Instagram.release.xcconfig */;
			buildSettings = {
				ASSETCATALOG_COMPILER_APPICON_NAME = AppIcon;
				ASSETCATALOG_COMPILER_GLOBAL_ACCENT_COLOR_NAME = AccentColor;
				CODE_SIGN_STYLE = Automatic;
				CURRENT_PROJECT_VERSION = 1;
				DEVELOPMENT_TEAM = 4QJ68GP7HB;
				GENERATE_INFOPLIST_FILE = YES;
				INFOPLIST_FILE = Instagram/Info.plist;
				INFOPLIST_KEY_UIApplicationSupportsIndirectInputEvents = YES;
				INFOPLIST_KEY_UILaunchStoryboardName = LaunchScreen;
				INFOPLIST_KEY_UIMainStoryboardFile = Main;
				INFOPLIST_KEY_UISupportedInterfaceOrientations = UIInterfaceOrientationPortrait;
				INFOPLIST_KEY_UISupportedInterfaceOrientations_iPad = "UIInterfaceOrientationPortrait UIInterfaceOrientationPortraitUpsideDown";
				LD_RUNPATH_SEARCH_PATHS = (
					"$(inherited)",
					"@executable_path/Frameworks",
				);
				MARKETING_VERSION = 1.0;
				PRODUCT_BUNDLE_IDENTIFIER = com.sky.Instagram;
				PRODUCT_NAME = "$(TARGET_NAME)";
				SWIFT_EMIT_LOC_STRINGS = YES;
				SWIFT_VERSION = 5.0;
				TARGETED_DEVICE_FAMILY = "1,2";
			};
			name = Release;
		};
/* End XCBuildConfiguration section */

/* Begin XCConfigurationList section */
		38E539D22958C53A009FB0ED /* Build configuration list for PBXProject "Instagram" */ = {
			isa = XCConfigurationList;
			buildConfigurations = (
				38E539E92958C53E009FB0ED /* Debug */,
				38E539EA2958C53E009FB0ED /* Release */,
			);
			defaultConfigurationIsVisible = 0;
			defaultConfigurationName = Release;
		};
		38E539EB2958C53E009FB0ED /* Build configuration list for PBXNativeTarget "Instagram" */ = {
			isa = XCConfigurationList;
			buildConfigurations = (
				38E539EC2958C53E009FB0ED /* Debug */,
				38E539ED2958C53E009FB0ED /* Release */,
			);
			defaultConfigurationIsVisible = 0;
			defaultConfigurationName = Release;
		};
/* End XCConfigurationList section */
	};
	rootObject = 38E539CF2958C53A009FB0ED /* Project object */;
}
